// !$*UTF8*$!
{
	archiveVersion = 1;
	classes = {
	};
	objectVersion = 48;
	objects = {

/* Begin PBXBuildFile section */
		70BCBF221FA34CEC00693B6A /* LogWrapperKit.framework in Frameworks */ = {isa = PBXBuildFile; fileRef = 70BCBF211FA34CEC00693B6A /* LogWrapperKit.framework */; };
		70BCBF231FA34CEC00693B6A /* LogWrapperKit.framework in Embed Frameworks */ = {isa = PBXBuildFile; fileRef = 70BCBF211FA34CEC00693B6A /* LogWrapperKit.framework */; settings = {ATTRIBUTES = (CodeSignOnCopy, RemoveHeadersOnCopy, ); }; };
		70C434481F8876B30048B9D1 /* StaticSection02.swift in Sources */ = {isa = PBXBuildFile; fileRef = 70C434471F8876B30048B9D1 /* StaticSection02.swift */; };
		70FE77091F80D5F600C287F6 /* AppDelegate.swift in Sources */ = {isa = PBXBuildFile; fileRef = 70FE77081F80D5F600C287F6 /* AppDelegate.swift */; };
		70FE770B1F80D5F600C287F6 /* ViewController.swift in Sources */ = {isa = PBXBuildFile; fileRef = 70FE770A1F80D5F600C287F6 /* ViewController.swift */; };
		70FE770E1F80D5F600C287F6 /* Main.storyboard in Resources */ = {isa = PBXBuildFile; fileRef = 70FE770C1F80D5F600C287F6 /* Main.storyboard */; };
		70FE77101F80D5F600C287F6 /* Assets.xcassets in Resources */ = {isa = PBXBuildFile; fileRef = 70FE770F1F80D5F600C287F6 /* Assets.xcassets */; };
		70FE77131F80D5F600C287F6 /* LaunchScreen.storyboard in Resources */ = {isa = PBXBuildFile; fileRef = 70FE77111F80D5F600C287F6 /* LaunchScreen.storyboard */; };
		70FE771E1F80D5F600C287F6 /* SampleUITests.swift in Sources */ = {isa = PBXBuildFile; fileRef = 70FE771D1F80D5F600C287F6 /* SampleUITests.swift */; };
		70FE77291F80D63000C287F6 /* TableViewKit.framework in Frameworks */ = {isa = PBXBuildFile; fileRef = 70FE77281F80D63000C287F6 /* TableViewKit.framework */; };
		70FE772A1F80D63000C287F6 /* TableViewKit.framework in Embed Frameworks */ = {isa = PBXBuildFile; fileRef = 70FE77281F80D63000C287F6 /* TableViewKit.framework */; settings = {ATTRIBUTES = (CodeSignOnCopy, RemoveHeadersOnCopy, ); }; };
		70FE772D1F80D77900C287F6 /* StaticTableViewController.swift in Sources */ = {isa = PBXBuildFile; fileRef = 70FE772C1F80D77900C287F6 /* StaticTableViewController.swift */; };
		70FE77301F80D7E700C287F6 /* StaticModel.swift in Sources */ = {isa = PBXBuildFile; fileRef = 70FE772F1F80D7E700C287F6 /* StaticModel.swift */; };
		70FE77321F80D8B900C287F6 /* StaticSection01.swift in Sources */ = {isa = PBXBuildFile; fileRef = 70FE77311F80D8B900C287F6 /* StaticSection01.swift */; };
/* End PBXBuildFile section */

/* Begin PBXContainerItemProxy section */
		70FE771A1F80D5F600C287F6 /* PBXContainerItemProxy */ = {
			isa = PBXContainerItemProxy;
			containerPortal = 70FE76FD1F80D5F600C287F6 /* Project object */;
			proxyType = 1;
			remoteGlobalIDString = 70FE77041F80D5F600C287F6;
			remoteInfo = Sample;
		};
/* End PBXContainerItemProxy section */

/* Begin PBXCopyFilesBuildPhase section */
		70FE772B1F80D63000C287F6 /* Embed Frameworks */ = {
			isa = PBXCopyFilesBuildPhase;
			buildActionMask = 2147483647;
			dstPath = "";
			dstSubfolderSpec = 10;
			files = (
				70BCBF231FA34CEC00693B6A /* LogWrapperKit.framework in Embed Frameworks */,
				70FE772A1F80D63000C287F6 /* TableViewKit.framework in Embed Frameworks */,
			);
			name = "Embed Frameworks";
			runOnlyForDeploymentPostprocessing = 0;
		};
/* End PBXCopyFilesBuildPhase section */

/* Begin PBXFileReference section */
		70BCBF211FA34CEC00693B6A /* LogWrapperKit.framework */ = {isa = PBXFileReference; lastKnownFileType = wrapper.framework; name = LogWrapperKit.framework; path = ../Carthage/Build/iOS/LogWrapperKit.framework; sourceTree = "<group>"; };
		70C434471F8876B30048B9D1 /* StaticSection02.swift */ = {isa = PBXFileReference; lastKnownFileType = sourcecode.swift; path = StaticSection02.swift; sourceTree = "<group>"; };
		70FE77051F80D5F600C287F6 /* Sample.app */ = {isa = PBXFileReference; explicitFileType = wrapper.application; includeInIndex = 0; path = Sample.app; sourceTree = BUILT_PRODUCTS_DIR; };
		70FE77081F80D5F600C287F6 /* AppDelegate.swift */ = {isa = PBXFileReference; lastKnownFileType = sourcecode.swift; path = AppDelegate.swift; sourceTree = "<group>"; };
		70FE770A1F80D5F600C287F6 /* ViewController.swift */ = {isa = PBXFileReference; lastKnownFileType = sourcecode.swift; path = ViewController.swift; sourceTree = "<group>"; };
		70FE770D1F80D5F600C287F6 /* Base */ = {isa = PBXFileReference; lastKnownFileType = file.storyboard; name = Base; path = Base.lproj/Main.storyboard; sourceTree = "<group>"; };
		70FE770F1F80D5F600C287F6 /* Assets.xcassets */ = {isa = PBXFileReference; lastKnownFileType = folder.assetcatalog; path = Assets.xcassets; sourceTree = "<group>"; };
		70FE77121F80D5F600C287F6 /* Base */ = {isa = PBXFileReference; lastKnownFileType = file.storyboard; name = Base; path = Base.lproj/LaunchScreen.storyboard; sourceTree = "<group>"; };
		70FE77141F80D5F600C287F6 /* Info.plist */ = {isa = PBXFileReference; lastKnownFileType = text.plist.xml; path = Info.plist; sourceTree = "<group>"; };
		70FE77191F80D5F600C287F6 /* SampleUITests.xctest */ = {isa = PBXFileReference; explicitFileType = wrapper.cfbundle; includeInIndex = 0; path = SampleUITests.xctest; sourceTree = BUILT_PRODUCTS_DIR; };
		70FE771D1F80D5F600C287F6 /* SampleUITests.swift */ = {isa = PBXFileReference; lastKnownFileType = sourcecode.swift; path = SampleUITests.swift; sourceTree = "<group>"; };
		70FE771F1F80D5F600C287F6 /* Info.plist */ = {isa = PBXFileReference; lastKnownFileType = text.plist.xml; path = Info.plist; sourceTree = "<group>"; };
		70FE77281F80D63000C287F6 /* TableViewKit.framework */ = {isa = PBXFileReference; explicitFileType = wrapper.framework; path = TableViewKit.framework; sourceTree = BUILT_PRODUCTS_DIR; };
		70FE772C1F80D77900C287F6 /* StaticTableViewController.swift */ = {isa = PBXFileReference; lastKnownFileType = sourcecode.swift; path = StaticTableViewController.swift; sourceTree = "<group>"; };
		70FE772F1F80D7E700C287F6 /* StaticModel.swift */ = {isa = PBXFileReference; lastKnownFileType = sourcecode.swift; path = StaticModel.swift; sourceTree = "<group>"; };
		70FE77311F80D8B900C287F6 /* StaticSection01.swift */ = {isa = PBXFileReference; lastKnownFileType = sourcecode.swift; path = StaticSection01.swift; sourceTree = "<group>"; };
/* End PBXFileReference section */

/* Begin PBXFrameworksBuildPhase section */
		70FE77021F80D5F600C287F6 /* Frameworks */ = {
			isa = PBXFrameworksBuildPhase;
			buildActionMask = 2147483647;
			files = (
				70BCBF221FA34CEC00693B6A /* LogWrapperKit.framework in Frameworks */,
				70FE77291F80D63000C287F6 /* TableViewKit.framework in Frameworks */,
			);
			runOnlyForDeploymentPostprocessing = 0;
		};
		70FE77161F80D5F600C287F6 /* Frameworks */ = {
			isa = PBXFrameworksBuildPhase;
			buildActionMask = 2147483647;
			files = (
			);
			runOnlyForDeploymentPostprocessing = 0;
		};
/* End PBXFrameworksBuildPhase section */

/* Begin PBXGroup section */
		70FE76FC1F80D5F600C287F6 = {
			isa = PBXGroup;
			children = (
				70BCBF211FA34CEC00693B6A /* LogWrapperKit.framework */,
				70FE77281F80D63000C287F6 /* TableViewKit.framework */,
				70FE77071F80D5F600C287F6 /* Sample */,
				70FE771C1F80D5F600C287F6 /* SampleUITests */,
				70FE77061F80D5F600C287F6 /* Products */,
			);
			sourceTree = "<group>";
		};
		70FE77061F80D5F600C287F6 /* Products */ = {
			isa = PBXGroup;
			children = (
				70FE77051F80D5F600C287F6 /* Sample.app */,
				70FE77191F80D5F600C287F6 /* SampleUITests.xctest */,
			);
			name = Products;
			sourceTree = "<group>";
		};
		70FE77071F80D5F600C287F6 /* Sample */ = {
			isa = PBXGroup;
			children = (
				70FE772E1F80D7D200C287F6 /* Static */,
				70FE77081F80D5F600C287F6 /* AppDelegate.swift */,
				70FE770A1F80D5F600C287F6 /* ViewController.swift */,
				70FE770C1F80D5F600C287F6 /* Main.storyboard */,
				70FE770F1F80D5F600C287F6 /* Assets.xcassets */,
				70FE77111F80D5F600C287F6 /* LaunchScreen.storyboard */,
				70FE77141F80D5F600C287F6 /* Info.plist */,
			);
			path = Sample;
			sourceTree = "<group>";
		};
		70FE771C1F80D5F600C287F6 /* SampleUITests */ = {
			isa = PBXGroup;
			children = (
				70FE771D1F80D5F600C287F6 /* SampleUITests.swift */,
				70FE771F1F80D5F600C287F6 /* Info.plist */,
			);
			path = SampleUITests;
			sourceTree = "<group>";
		};
		70FE772E1F80D7D200C287F6 /* Static */ = {
			isa = PBXGroup;
			children = (
				70FE772C1F80D77900C287F6 /* StaticTableViewController.swift */,
				70FE772F1F80D7E700C287F6 /* StaticModel.swift */,
				70FE77311F80D8B900C287F6 /* StaticSection01.swift */,
				70C434471F8876B30048B9D1 /* StaticSection02.swift */,
			);
			path = Static;
			sourceTree = "<group>";
		};
/* End PBXGroup section */

/* Begin PBXNativeTarget section */
		70FE77041F80D5F600C287F6 /* Sample */ = {
			isa = PBXNativeTarget;
			buildConfigurationList = 70FE77221F80D5F600C287F6 /* Build configuration list for PBXNativeTarget "Sample" */;
			buildPhases = (
				70FE77011F80D5F600C287F6 /* Sources */,
				70FE77021F80D5F600C287F6 /* Frameworks */,
				70FE77031F80D5F600C287F6 /* Resources */,
				70FE772B1F80D63000C287F6 /* Embed Frameworks */,
			);
			buildRules = (
			);
			dependencies = (
			);
			name = Sample;
			productName = Sample;
			productReference = 70FE77051F80D5F600C287F6 /* Sample.app */;
			productType = "com.apple.product-type.application";
		};
		70FE77181F80D5F600C287F6 /* SampleUITests */ = {
			isa = PBXNativeTarget;
			buildConfigurationList = 70FE77251F80D5F600C287F6 /* Build configuration list for PBXNativeTarget "SampleUITests" */;
			buildPhases = (
				70FE77151F80D5F600C287F6 /* Sources */,
				70FE77161F80D5F600C287F6 /* Frameworks */,
				70FE77171F80D5F600C287F6 /* Resources */,
			);
			buildRules = (
			);
			dependencies = (
				70FE771B1F80D5F600C287F6 /* PBXTargetDependency */,
			);
			name = SampleUITests;
			productName = SampleUITests;
			productReference = 70FE77191F80D5F600C287F6 /* SampleUITests.xctest */;
			productType = "com.apple.product-type.bundle.ui-testing";
		};
/* End PBXNativeTarget section */

/* Begin PBXProject section */
		70FE76FD1F80D5F600C287F6 /* Project object */ = {
			isa = PBXProject;
			attributes = {
				LastSwiftUpdateCheck = 0900;
				LastUpgradeCheck = 0900;
				ORGANIZATIONNAME = "Shane Whitehead";
				TargetAttributes = {
					70FE77041F80D5F600C287F6 = {
						CreatedOnToolsVersion = 9.0;
						ProvisioningStyle = Automatic;
					};
					70FE77181F80D5F600C287F6 = {
						CreatedOnToolsVersion = 9.0;
						ProvisioningStyle = Automatic;
						TestTargetID = 70FE77041F80D5F600C287F6;
					};
				};
			};
			buildConfigurationList = 70FE77001F80D5F600C287F6 /* Build configuration list for PBXProject "Sample" */;
			compatibilityVersion = "Xcode 8.0";
			developmentRegion = en;
			hasScannedForEncodings = 0;
			knownRegions = (
				en,
				Base,
			);
			mainGroup = 70FE76FC1F80D5F600C287F6;
			productRefGroup = 70FE77061F80D5F600C287F6 /* Products */;
			projectDirPath = "";
			projectRoot = "";
			targets = (
				70FE77041F80D5F600C287F6 /* Sample */,
				70FE77181F80D5F600C287F6 /* SampleUITests */,
			);
		};
/* End PBXProject section */

/* Begin PBXResourcesBuildPhase section */
		70FE77031F80D5F600C287F6 /* Resources */ = {
			isa = PBXResourcesBuildPhase;
			buildActionMask = 2147483647;
			files = (
				70FE77131F80D5F600C287F6 /* LaunchScreen.storyboard in Resources */,
				70FE77101F80D5F600C287F6 /* Assets.xcassets in Resources */,
				70FE770E1F80D5F600C287F6 /* Main.storyboard in Resources */,
			);
			runOnlyForDeploymentPostprocessing = 0;
		};
		70FE77171F80D5F600C287F6 /* Resources */ = {
			isa = PBXResourcesBuildPhase;
			buildActionMask = 2147483647;
			files = (
			);
			runOnlyForDeploymentPostprocessing = 0;
		};
/* End PBXResourcesBuildPhase section */

/* Begin PBXSourcesBuildPhase section */
		70FE77011F80D5F600C287F6 /* Sources */ = {
			isa = PBXSourcesBuildPhase;
			buildActionMask = 2147483647;
			files = (
				70C434481F8876B30048B9D1 /* StaticSection02.swift in Sources */,
				70FE770B1F80D5F600C287F6 /* ViewController.swift in Sources */,
				70FE77301F80D7E700C287F6 /* StaticModel.swift in Sources */,
				70FE77321F80D8B900C287F6 /* StaticSection01.swift in Sources */,
				70FE772D1F80D77900C287F6 /* StaticTableViewController.swift in Sources */,
				70FE77091F80D5F600C287F6 /* AppDelegate.swift in Sources */,
			);
			runOnlyForDeploymentPostprocessing = 0;
		};
		70FE77151F80D5F600C287F6 /* Sources */ = {
			isa = PBXSourcesBuildPhase;
			buildActionMask = 2147483647;
			files = (
				70FE771E1F80D5F600C287F6 /* SampleUITests.swift in Sources */,
			);
			runOnlyForDeploymentPostprocessing = 0;
		};
/* End PBXSourcesBuildPhase section */

/* Begin PBXTargetDependency section */
		70FE771B1F80D5F600C287F6 /* PBXTargetDependency */ = {
			isa = PBXTargetDependency;
			target = 70FE77041F80D5F600C287F6 /* Sample */;
			targetProxy = 70FE771A1F80D5F600C287F6 /* PBXContainerItemProxy */;
		};
/* End PBXTargetDependency section */

/* Begin PBXVariantGroup section */
		70FE770C1F80D5F600C287F6 /* Main.storyboard */ = {
			isa = PBXVariantGroup;
			children = (
				70FE770D1F80D5F600C287F6 /* Base */,
			);
			name = Main.storyboard;
			sourceTree = "<group>";
		};
		70FE77111F80D5F600C287F6 /* LaunchScreen.storyboard */ = {
			isa = PBXVariantGroup;
			children = (
				70FE77121F80D5F600C287F6 /* Base */,
			);
			name = LaunchScreen.storyboard;
			sourceTree = "<group>";
		};
/* End PBXVariantGroup section */

/* Begin XCBuildConfiguration section */
		70FE77201F80D5F600C287F6 /* Debug */ = {
			isa = XCBuildConfiguration;
			buildSettings = {
				ALWAYS_SEARCH_USER_PATHS = NO;
				CLANG_ANALYZER_NONNULL = YES;
				CLANG_ANALYZER_NUMBER_OBJECT_CONVERSION = YES_AGGRESSIVE;
				CLANG_CXX_LANGUAGE_STANDARD = "gnu++14";
				CLANG_CXX_LIBRARY = "libc++";
				CLANG_ENABLE_MODULES = YES;
				CLANG_ENABLE_OBJC_ARC = YES;
				CLANG_WARN_BLOCK_CAPTURE_AUTORELEASING = YES;
				CLANG_WARN_BOOL_CONVERSION = YES;
				CLANG_WARN_COMMA = YES;
				CLANG_WARN_CONSTANT_CONVERSION = YES;
				CLANG_WARN_DIRECT_OBJC_ISA_USAGE = YES_ERROR;
				CLANG_WARN_DOCUMENTATION_COMMENTS = YES;
				CLANG_WARN_EMPTY_BODY = YES;
				CLANG_WARN_ENUM_CONVERSION = YES;
				CLANG_WARN_INFINITE_RECURSION = YES;
				CLANG_WARN_INT_CONVERSION = YES;
				CLANG_WARN_NON_LITERAL_NULL_CONVERSION = YES;
				CLANG_WARN_OBJC_LITERAL_CONVERSION = YES;
				CLANG_WARN_OBJC_ROOT_CLASS = YES_ERROR;
				CLANG_WARN_RANGE_LOOP_ANALYSIS = YES;
				CLANG_WARN_STRICT_PROTOTYPES = YES;
				CLANG_WARN_SUSPICIOUS_MOVE = YES;
				CLANG_WARN_UNGUARDED_AVAILABILITY = YES_AGGRESSIVE;
				CLANG_WARN_UNREACHABLE_CODE = YES;
				CLANG_WARN__DUPLICATE_METHOD_MATCH = YES;
				CODE_SIGN_IDENTITY = "iPhone Developer";
				COPY_PHASE_STRIP = NO;
				DEBUG_INFORMATION_FORMAT = dwarf;
				ENABLE_STRICT_OBJC_MSGSEND = YES;
				ENABLE_TESTABILITY = YES;
				GCC_C_LANGUAGE_STANDARD = gnu11;
				GCC_DYNAMIC_NO_PIC = NO;
				GCC_NO_COMMON_BLOCKS = YES;
				GCC_OPTIMIZATION_LEVEL = 0;
				GCC_PREPROCESSOR_DEFINITIONS = (
					"DEBUG=1",
					"$(inherited)",
				);
				GCC_WARN_64_TO_32_BIT_CONVERSION = YES;
				GCC_WARN_ABOUT_RETURN_TYPE = YES_ERROR;
				GCC_WARN_UNDECLARED_SELECTOR = YES;
				GCC_WARN_UNINITIALIZED_AUTOS = YES_AGGRESSIVE;
				GCC_WARN_UNUSED_FUNCTION = YES;
				GCC_WARN_UNUSED_VARIABLE = YES;
				IPHONEOS_DEPLOYMENT_TARGET = 11.0;
				MTL_ENABLE_DEBUG_INFO = YES;
				ONLY_ACTIVE_ARCH = YES;
				SDKROOT = iphoneos;
				SWIFT_ACTIVE_COMPILATION_CONDITIONS = DEBUG;
				SWIFT_OPTIMIZATION_LEVEL = "-Onone";
			};
			name = Debug;
		};
		70FE77211F80D5F600C287F6 /* Release */ = {
			isa = XCBuildConfiguration;
			buildSettings = {
				ALWAYS_SEARCH_USER_PATHS = NO;
				CLANG_ANALYZER_NONNULL = YES;
				CLANG_ANALYZER_NUMBER_OBJECT_CONVERSION = YES_AGGRESSIVE;
				CLANG_CXX_LANGUAGE_STANDARD = "gnu++14";
				CLANG_CXX_LIBRARY = "libc++";
				CLANG_ENABLE_MODULES = YES;
				CLANG_ENABLE_OBJC_ARC = YES;
				CLANG_WARN_BLOCK_CAPTURE_AUTORELEASING = YES;
				CLANG_WARN_BOOL_CONVERSION = YES;
				CLANG_WARN_COMMA = YES;
				CLANG_WARN_CONSTANT_CONVERSION = YES;
				CLANG_WARN_DIRECT_OBJC_ISA_USAGE = YES_ERROR;
				CLANG_WARN_DOCUMENTATION_COMMENTS = YES;
				CLANG_WARN_EMPTY_BODY = YES;
				CLANG_WARN_ENUM_CONVERSION = YES;
				CLANG_WARN_INFINITE_RECURSION = YES;
				CLANG_WARN_INT_CONVERSION = YES;
				CLANG_WARN_NON_LITERAL_NULL_CONVERSION = YES;
				CLANG_WARN_OBJC_LITERAL_CONVERSION = YES;
				CLANG_WARN_OBJC_ROOT_CLASS = YES_ERROR;
				CLANG_WARN_RANGE_LOOP_ANALYSIS = YES;
				CLANG_WARN_STRICT_PROTOTYPES = YES;
				CLANG_WARN_SUSPICIOUS_MOVE = YES;
				CLANG_WARN_UNGUARDED_AVAILABILITY = YES_AGGRESSIVE;
				CLANG_WARN_UNREACHABLE_CODE = YES;
				CLANG_WARN__DUPLICATE_METHOD_MATCH = YES;
				CODE_SIGN_IDENTITY = "iPhone Developer";
				COPY_PHASE_STRIP = NO;
				DEBUG_INFORMATION_FORMAT = "dwarf-with-dsym";
				ENABLE_NS_ASSERTIONS = NO;
				ENABLE_STRICT_OBJC_MSGSEND = YES;
				GCC_C_LANGUAGE_STANDARD = gnu11;
				GCC_NO_COMMON_BLOCKS = YES;
				GCC_WARN_64_TO_32_BIT_CONVERSION = YES;
				GCC_WARN_ABOUT_RETURN_TYPE = YES_ERROR;
				GCC_WARN_UNDECLARED_SELECTOR = YES;
				GCC_WARN_UNINITIALIZED_AUTOS = YES_AGGRESSIVE;
				GCC_WARN_UNUSED_FUNCTION = YES;
				GCC_WARN_UNUSED_VARIABLE = YES;
				IPHONEOS_DEPLOYMENT_TARGET = 11.0;
				MTL_ENABLE_DEBUG_INFO = NO;
				SDKROOT = iphoneos;
				SWIFT_OPTIMIZATION_LEVEL = "-Owholemodule";
				VALIDATE_PRODUCT = YES;
			};
			name = Release;
		};
		70FE77231F80D5F600C287F6 /* Debug */ = {
			isa = XCBuildConfiguration;
			buildSettings = {
				ASSETCATALOG_COMPILER_APPICON_NAME = AppIcon;
				CODE_SIGN_STYLE = Automatic;
				DEVELOPMENT_TEAM = YWXH886EY3;
				FRAMEWORK_SEARCH_PATHS = "$(PROJECT_DIR)/../Carthage/Build/iOS";
				INFOPLIST_FILE = Sample/Info.plist;
				LD_RUNPATH_SEARCH_PATHS = "$(inherited) @executable_path/Frameworks";
				PRODUCT_BUNDLE_IDENTIFIER = org.kaizen.Sample;
				PRODUCT_NAME = "$(TARGET_NAME)";
				SWIFT_VERSION = 4.0;
				TARGETED_DEVICE_FAMILY = "1,2";
			};
			name = Debug;
		};
		70FE77241F80D5F600C287F6 /* Release */ = {
			isa = XCBuildConfiguration;
			buildSettings = {
				ASSETCATALOG_COMPILER_APPICON_NAME = AppIcon;
				CODE_SIGN_STYLE = Automatic;
				DEVELOPMENT_TEAM = YWXH886EY3;
				FRAMEWORK_SEARCH_PATHS = "$(PROJECT_DIR)/../Carthage/Build/iOS";
				INFOPLIST_FILE = Sample/Info.plist;
				LD_RUNPATH_SEARCH_PATHS = "$(inherited) @executable_path/Frameworks";
				PRODUCT_BUNDLE_IDENTIFIER = org.kaizen.Sample;
				PRODUCT_NAME = "$(TARGET_NAME)";
				SWIFT_VERSION = 4.0;
				TARGETED_DEVICE_FAMILY = "1,2";
			};
			name = Release;
		};
		70FE77261F80D5F600C287F6 /* Debug */ = {
			isa = XCBuildConfiguration;
			buildSettings = {
				ALWAYS_EMBED_SWIFT_STANDARD_LIBRARIES = YES;
				CODE_SIGN_STYLE = Automatic;
				DEVELOPMENT_TEAM = YWXH886EY3;
				INFOPLIST_FILE = SampleUITests/Info.plist;
				LD_RUNPATH_SEARCH_PATHS = "$(inherited) @executable_path/Frameworks @loader_path/Frameworks";
				PRODUCT_BUNDLE_IDENTIFIER = org.kaizen.SampleUITests;
				PRODUCT_NAME = "$(TARGET_NAME)";
				SWIFT_VERSION = 4.0;
				TARGETED_DEVICE_FAMILY = "1,2";
				TEST_TARGET_NAME = Sample;
			};
			name = Debug;
		};
		70FE77271F80D5F600C287F6 /* Release */ = {
			isa = XCBuildConfiguration;
			buildSettings = {
				ALWAYS_EMBED_SWIFT_STANDARD_LIBRARIES = YES;
				CODE_SIGN_STYLE = Automatic;
				DEVELOPMENT_TEAM = YWXH886EY3;
				INFOPLIST_FILE = SampleUITests/Info.plist;
				LD_RUNPATH_SEARCH_PATHS = "$(inherited) @executable_path/Frameworks @loader_path/Frameworks";
				PRODUCT_BUNDLE_IDENTIFIER = org.kaizen.SampleUITests;
				PRODUCT_NAME = "$(TARGET_NAME)";
				SWIFT_VERSION = 4.0;
				TARGETED_DEVICE_FAMILY = "1,2";
				TEST_TARGET_NAME = Sample;
			};
			name = Release;
		};
/* End XCBuildConfiguration section */

/* Begin XCConfigurationList section */
		70FE77001F80D5F600C287F6 /* Build configuration list for PBXProject "Sample" */ = {
			isa = XCConfigurationList;
			buildConfigurations = (
				70FE77201F80D5F600C287F6 /* Debug */,
				70FE77211F80D5F600C287F6 /* Release */,
			);
			defaultConfigurationIsVisible = 0;
			defaultConfigurationName = Release;
		};
		70FE77221F80D5F600C287F6 /* Build configuration list for PBXNativeTarget "Sample" */ = {
			isa = XCConfigurationList;
			buildConfigurations = (
				70FE77231F80D5F600C287F6 /* Debug */,
				70FE77241F80D5F600C287F6 /* Release */,
			);
			defaultConfigurationIsVisible = 0;
			defaultConfigurationName = Release;
		};
		70FE77251F80D5F600C287F6 /* Build configuration list for PBXNativeTarget "SampleUITests" */ = {
			isa = XCConfigurationList;
			buildConfigurations = (
				70FE77261F80D5F600C287F6 /* Debug */,
				70FE77271F80D5F600C287F6 /* Release */,
			);
			defaultConfigurationIsVisible = 0;
			defaultConfigurationName = Release;
		};
/* End XCConfigurationList section */
	};
	rootObject = 70FE76FD1F80D5F600C287F6 /* Project object */;
}
